
Microsoft Visual Studio Solution File, Format Version 12.00
# Visual Studio 2013
VisualStudioVersion = 12.0.31101.0
MinimumVisualStudioVersion = 10.0.40219.1
Project("{FAE04EC0-301F-11D3-BF4B-00C04F79EFBC}") = "01.School", "FundamentalPrinciples_I\01.School.csproj", "{2A8DC147-4F8C-475B-8922-619BEF478C67}"
EndProject
Project("{FAE04EC0-301F-11D3-BF4B-00C04F79EFBC}") = "02StudentsAndWorkers", "02StudentsAndWorkers\02StudentsAndWorkers.csproj", "{4E56084C-4624-4299-9E3E-D3167F1ACFFB}"
EndProject
Project("{FAE04EC0-301F-11D3-BF4B-00C04F79EFBC}") = "03.Animals", "03.Animals\03.Animals.csproj", "{51DC7088-48BC-4DA9-A016-A04A8B5A2FD7}"
EndProject
Global
	GlobalSection(SolutionConfigurationPlatforms) = preSolution
		Debug|Any CPU = Debug|Any CPU
		Release|Any CPU = Release|Any CPU
	EndGlobalSection
	GlobalSection(ProjectConfigurationPlatforms) = postSolution
		{2A8DC147-4F8C-475B-8922-619BEF478C67}.Debug|Any CPU.ActiveCfg = Debug|Any CPU
		{2A8DC147-4F8C-475B-8922-619BEF478C67}.Debug|Any CPU.Build.0 = Debug|Any CPU
		{2A8DC147-4F8C-475B-8922-619BEF478C67}.Release|Any CPU.ActiveCfg = Release|Any CPU
		{2A8DC147-4F8C-475B-8922-619BEF478C67}.Release|Any CPU.Build.0 = Release|Any CPU
		{4E56084C-4624-4299-9E3E-D3167F1ACFFB}.Debug|Any CPU.ActiveCfg = Debug|Any CPU
		{4E56084C-4624-4299-9E3E-D3167F1ACFFB}.Debug|Any CPU.Build.0 = Debug|Any CPU
		{4E56084C-4624-4299-9E3E-D3167F1ACFFB}.Release|Any CPU.ActiveCfg = Release|Any CPU
		{4E56084C-4624-4299-9E3E-D3167F1ACFFB}.Release|Any CPU.Build.0 = Release|Any CPU
		{51DC7088-48BC-4DA9-A016-A04A8B5A2FD7}.Debug|Any CPU.ActiveCfg = Debug|Any CPU
		{51DC7088-48BC-4DA9-A016-A04A8B5A2FD7}.Debug|Any CPU.Build.0 = Debug|Any CPU
		{51DC7088-48BC-4DA9-A016-A04A8B5A2FD7}.Release|Any CPU.ActiveCfg = Release|Any CPU
		{51DC7088-48BC-4DA9-A016-A04A8B5A2FD7}.Release|Any CPU.Build.0 = Release|Any CPU
	EndGlobalSection
	GlobalSection(SolutionProperties) = preSolution
		HideSolutionNode = FALSE
	EndGlobalSection
EndGlobal
